
Microsoft Visual Studio Solution File, Format Version 12.00
# Visual Studio Version 17
VisualStudioVersion = 17.1.32328.378
MinimumVisualStudioVersion = 10.0.40219.1
Project("{9A19103F-16F7-4668-BE54-9A1E7A4F7556}") = "CircusTrain", "CircusTrain\CircusTrain.csproj", "{C198085F-FD90-40A0-BA04-A930DCD614EA}"
	ProjectSection(ProjectDependencies) = postProject
		{9D00E166-EBF9-47BA-AA2F-FB697C46B9F8} = {9D00E166-EBF9-47BA-AA2F-FB697C46B9F8}
	EndProjectSection
EndProject
Project("{FAE04EC0-301F-11D3-BF4B-00C04F79EFBC}") = "Logic", "Logic\Logic.csproj", "{9D00E166-EBF9-47BA-AA2F-FB697C46B9F8}"
EndProject
Global
	GlobalSection(SolutionConfigurationPlatforms) = preSolution
		Debug|Any CPU = Debug|Any CPU
		Release|Any CPU = Release|Any CPU
	EndGlobalSection
	GlobalSection(ProjectConfigurationPlatforms) = postSolution
		{C198085F-FD90-40A0-BA04-A930DCD614EA}.Debug|Any CPU.ActiveCfg = Debug|Any CPU
		{C198085F-FD90-40A0-BA04-A930DCD614EA}.Debug|Any CPU.Build.0 = Debug|Any CPU
		{C198085F-FD90-40A0-BA04-A930DCD614EA}.Release|Any CPU.ActiveCfg = Release|Any CPU
		{C198085F-FD90-40A0-BA04-A930DCD614EA}.Release|Any CPU.Build.0 = Release|Any CPU
		{9D00E166-EBF9-47BA-AA2F-FB697C46B9F8}.Debug|Any CPU.ActiveCfg = Debug|Any CPU
		{9D00E166-EBF9-47BA-AA2F-FB697C46B9F8}.Debug|Any CPU.Build.0 = Debug|Any CPU
		{9D00E166-EBF9-47BA-AA2F-FB697C46B9F8}.Release|Any CPU.ActiveCfg = Release|Any CPU
		{9D00E166-EBF9-47BA-AA2F-FB697C46B9F8}.Release|Any CPU.Build.0 = Release|Any CPU
	EndGlobalSection
	GlobalSection(SolutionProperties) = preSolution
		HideSolutionNode = FALSE
	EndGlobalSection
	GlobalSection(ExtensibilityGlobals) = postSolution
		SolutionGuid = {C741E857-1547-442B-B7CD-951FD8131E72}
	EndGlobalSection
EndGlobal
